
Microsoft Visual Studio Solution File, Format Version 12.00
# Visual Studio Version 17
VisualStudioVersion = 17.13.35931.197 d17.13
MinimumVisualStudioVersion = 10.0.40219.1
Project("{FAE04EC0-301F-11D3-BF4B-00C04F79EFBC}") = "SqlServerConnectorLibrary", "SqlServerConnectorLibrary.csproj", "{7257D36B-C2C5-4F69-9917-94633765D1F2}"
EndProject
Global
	GlobalSection(SolutionConfigurationPlatforms) = preSolution
		Debug|Any CPU = Debug|Any CPU
		Release|Any CPU = Release|Any CPU
	EndGlobalSection
	GlobalSection(ProjectConfigurationPlatforms) = postSolution
		{7257D36B-C2C5-4F69-9917-94633765D1F2}.Debug|Any CPU.ActiveCfg = Debug|Any CPU
		{7257D36B-C2C5-4F69-9917-94633765D1F2}.Debug|Any CPU.Build.0 = Debug|Any CPU
		{7257D36B-C2C5-4F69-9917-94633765D1F2}.Release|Any CPU.ActiveCfg = Release|Any CPU
		{7257D36B-C2C5-4F69-9917-94633765D1F2}.Release|Any CPU.Build.0 = Release|Any CPU
	EndGlobalSection
	GlobalSection(SolutionProperties) = preSolution
		HideSolutionNode = FALSE
	EndGlobalSection
	GlobalSection(ExtensibilityGlobals) = postSolution
		SolutionGuid = {2325F5F2-A49B-492F-A2E1-9E27E93B784A}
	EndGlobalSection
EndGlobal
